
Microsoft Visual Studio Solution File, Format Version 12.00
# Visual Studio 15
VisualStudioVersion = 15.0.27130.2027
MinimumVisualStudioVersion = 10.0.40219.1
Project("{DA7A21FA-8162-4350-AD77-A8D1B671F3ED}") = "analyze_scan", "analyze_scan.rxproj", "{1DCACDE0-05EB-48D4-9760-4F6505C3456B}"
EndProject
Global
	GlobalSection(SolutionConfigurationPlatforms) = preSolution
		Debug|Any CPU = Debug|Any CPU
		Release|Any CPU = Release|Any CPU
	EndGlobalSection
	GlobalSection(ProjectConfigurationPlatforms) = postSolution
		{1DCACDE0-05EB-48D4-9760-4F6505C3456B}.Debug|Any CPU.ActiveCfg = Debug|Any CPU
		{1DCACDE0-05EB-48D4-9760-4F6505C3456B}.Debug|Any CPU.Build.0 = Debug|Any CPU
		{1DCACDE0-05EB-48D4-9760-4F6505C3456B}.Release|Any CPU.ActiveCfg = Release|Any CPU
		{1DCACDE0-05EB-48D4-9760-4F6505C3456B}.Release|Any CPU.Build.0 = Release|Any CPU
	EndGlobalSection
	GlobalSection(SolutionProperties) = preSolution
		HideSolutionNode = FALSE
	EndGlobalSection
	GlobalSection(ExtensibilityGlobals) = postSolution
		SolutionGuid = {F06EC476-3B18-4F5E-AC84-D7BD864B77B6}
	EndGlobalSection
EndGlobal
